
Microsoft Visual Studio Solution File, Format Version 12.00
# Visual Studio 15
VisualStudioVersion = 15.0.28307.2092
MinimumVisualStudioVersion = 10.0.40219.1
Project("{FAE04EC0-301F-11D3-BF4B-00C04F79EFBC}") = "Practical 6", "Practical 6\Practical 6.csproj", "{D0A42C1A-C26F-40F9-98A6-97EBC6B075AF}"
EndProject
Global
	GlobalSection(SolutionConfigurationPlatforms) = preSolution
		Debug|Any CPU = Debug|Any CPU
		Release|Any CPU = Release|Any CPU
	EndGlobalSection
	GlobalSection(ProjectConfigurationPlatforms) = postSolution
		{D0A42C1A-C26F-40F9-98A6-97EBC6B075AF}.Debug|Any CPU.ActiveCfg = Debug|Any CPU
		{D0A42C1A-C26F-40F9-98A6-97EBC6B075AF}.Debug|Any CPU.Build.0 = Debug|Any CPU
		{D0A42C1A-C26F-40F9-98A6-97EBC6B075AF}.Release|Any CPU.ActiveCfg = Release|Any CPU
		{D0A42C1A-C26F-40F9-98A6-97EBC6B075AF}.Release|Any CPU.Build.0 = Release|Any CPU
	EndGlobalSection
	GlobalSection(SolutionProperties) = preSolution
		HideSolutionNode = FALSE
	EndGlobalSection
	GlobalSection(ExtensibilityGlobals) = postSolution
		SolutionGuid = {89EC4331-F6B5-430D-8853-9EA4A8363211}
	EndGlobalSection
EndGlobal
