
Microsoft Visual Studio Solution File, Format Version 12.00
# Visual Studio 15
VisualStudioVersion = 15.0.28307.2092
MinimumVisualStudioVersion = 10.0.40219.1
Project("{FAE04EC0-301F-11D3-BF4B-00C04F79EFBC}") = "Practical 5", "Practical 5\Practical 5.csproj", "{AEC2194D-5A9F-4D19-9FAD-E616184510A4}"
EndProject
Global
	GlobalSection(SolutionConfigurationPlatforms) = preSolution
		Debug|Any CPU = Debug|Any CPU
		Release|Any CPU = Release|Any CPU
	EndGlobalSection
	GlobalSection(ProjectConfigurationPlatforms) = postSolution
		{AEC2194D-5A9F-4D19-9FAD-E616184510A4}.Debug|Any CPU.ActiveCfg = Debug|Any CPU
		{AEC2194D-5A9F-4D19-9FAD-E616184510A4}.Debug|Any CPU.Build.0 = Debug|Any CPU
		{AEC2194D-5A9F-4D19-9FAD-E616184510A4}.Release|Any CPU.ActiveCfg = Release|Any CPU
		{AEC2194D-5A9F-4D19-9FAD-E616184510A4}.Release|Any CPU.Build.0 = Release|Any CPU
	EndGlobalSection
	GlobalSection(SolutionProperties) = preSolution
		HideSolutionNode = FALSE
	EndGlobalSection
	GlobalSection(ExtensibilityGlobals) = postSolution
		SolutionGuid = {7D7F6641-6183-4AB0-A452-9DFB983FA285}
	EndGlobalSection
EndGlobal
